
Microsoft Visual Studio Solution File, Format Version 12.00
# Visual Studio Version 16
VisualStudioVersion = 16.0.30621.155
MinimumVisualStudioVersion = 10.0.40219.1
Project("{FAE04EC0-301F-11D3-BF4B-00C04F79EFBC}") = "P03_SalesDatabase", "P03_SalesDatabase\P03_SalesDatabase.csproj", "{D18D30CC-DED7-4198-9C01-5A33001D2A38}"
EndProject
Global
	GlobalSection(SolutionConfigurationPlatforms) = preSolution
		Debug|Any CPU = Debug|Any CPU
		Release|Any CPU = Release|Any CPU
	EndGlobalSection
	GlobalSection(ProjectConfigurationPlatforms) = postSolution
		{D18D30CC-DED7-4198-9C01-5A33001D2A38}.Debug|Any CPU.ActiveCfg = Debug|Any CPU
		{D18D30CC-DED7-4198-9C01-5A33001D2A38}.Debug|Any CPU.Build.0 = Debug|Any CPU
		{D18D30CC-DED7-4198-9C01-5A33001D2A38}.Release|Any CPU.ActiveCfg = Release|Any CPU
		{D18D30CC-DED7-4198-9C01-5A33001D2A38}.Release|Any CPU.Build.0 = Release|Any CPU
	EndGlobalSection
	GlobalSection(SolutionProperties) = preSolution
		HideSolutionNode = FALSE
	EndGlobalSection
	GlobalSection(ExtensibilityGlobals) = postSolution
		SolutionGuid = {848CB417-D859-4BA0-870C-C954A08B99E5}
	EndGlobalSection
EndGlobal
